
Microsoft Visual Studio Solution File, Format Version 12.00
# Visual Studio Version 16
VisualStudioVersion = 16.0.30517.126
MinimumVisualStudioVersion = 10.0.40219.1
Project("{FAE04EC0-301F-11D3-BF4B-00C04F79EFBC}") = "ToastBuddyLibExample.Android", "ToastBuddyLibExample.Android\ToastBuddyLibExample.Android.csproj", "{92618758-32BB-4C7B-9BC0-EB9F0A46630B}"
EndProject
Project("{FAE04EC0-301F-11D3-BF4B-00C04F79EFBC}") = "ToastBuddyLibExample.DesktopGL", "ToastBuddyLibExample.DesktopGL\ToastBuddyLibExample.DesktopGL.csproj", "{8BE213B7-F27B-4102-BD2E-EE185833A4B4}"
EndProject
Project("{FAE04EC0-301F-11D3-BF4B-00C04F79EFBC}") = "ToastBuddyLibExample.iOS", "ToastBuddyLibExample.iOS\ToastBuddyLibExample.iOS.csproj", "{6CEBFA85-0A3B-4152-82E9-CD8D4EAE675A}"
EndProject
Project("{D954291E-2A0B-460D-934E-DC6B0785DB48}") = "ToastBuddyLibExample.SharedProject", "ToastBuddyLibExample.SharedProject\ToastBuddyLibExample.SharedProject.shproj", "{1ABA0C37-D9C6-4ABC-9D06-82B9F36FD738}"
EndProject
Global
	GlobalSection(SharedMSBuildProjectFiles) = preSolution
		ToastBuddyLibExample.SharedProject\ToastBuddyLibExample.SharedProject.projitems*{1aba0c37-d9c6-4abc-9d06-82b9f36fd738}*SharedItemsImports = 13
		ToastBuddyLibExample.SharedProject\ToastBuddyLibExample.SharedProject.projitems*{6cebfa85-0a3b-4152-82e9-cd8d4eae675a}*SharedItemsImports = 4
		ToastBuddyLibExample.SharedProject\ToastBuddyLibExample.SharedProject.projitems*{8be213b7-f27b-4102-bd2e-ee185833a4b4}*SharedItemsImports = 4
		ToastBuddyLibExample.SharedProject\ToastBuddyLibExample.SharedProject.projitems*{92618758-32bb-4c7b-9bc0-eb9f0a46630b}*SharedItemsImports = 4
	EndGlobalSection
	GlobalSection(SolutionConfigurationPlatforms) = preSolution
		Ad-Hoc|Any CPU = Ad-Hoc|Any CPU
		Ad-Hoc|ARM = Ad-Hoc|ARM
		Ad-Hoc|iPhone = Ad-Hoc|iPhone
		Ad-Hoc|iPhoneSimulator = Ad-Hoc|iPhoneSimulator
		Ad-Hoc|x64 = Ad-Hoc|x64
		Ad-Hoc|x86 = Ad-Hoc|x86
		AppStore|Any CPU = AppStore|Any CPU
		AppStore|ARM = AppStore|ARM
		AppStore|iPhone = AppStore|iPhone
		AppStore|iPhoneSimulator = AppStore|iPhoneSimulator
		AppStore|x64 = AppStore|x64
		AppStore|x86 = AppStore|x86
		Debug|Any CPU = Debug|Any CPU
		Debug|ARM = Debug|ARM
		Debug|iPhone = Debug|iPhone
		Debug|iPhoneSimulator = Debug|iPhoneSimulator
		Debug|x64 = Debug|x64
		Debug|x86 = Debug|x86
		Release|Any CPU = Release|Any CPU
		Release|ARM = Release|ARM
		Release|iPhone = Release|iPhone
		Release|iPhoneSimulator = Release|iPhoneSimulator
		Release|x64 = Release|x64
		Release|x86 = Release|x86
	EndGlobalSection
	GlobalSection(ProjectConfigurationPlatforms) = postSolution
		{92618758-32BB-4C7B-9BC0-EB9F0A46630B}.Ad-Hoc|Any CPU.ActiveCfg = Release|Any CPU
		{92618758-32BB-4C7B-9BC0-EB9F0A46630B}.Ad-Hoc|Any CPU.Build.0 = Release|Any CPU
		{92618758-32BB-4C7B-9BC0-EB9F0A46630B}.Ad-Hoc|Any CPU.Deploy.0 = Release|Any CPU
		{92618758-32BB-4C7B-9BC0-EB9F0A46630B}.Ad-Hoc|ARM.ActiveCfg = Release|Any CPU
		{92618758-32BB-4C7B-9BC0-EB9F0A46630B}.Ad-Hoc|ARM.Build.0 = Release|Any CPU
		{92618758-32BB-4C7B-9BC0-EB9F0A46630B}.Ad-Hoc|ARM.Deploy.0 = Release|Any CPU
		{92618758-32BB-4C7B-9BC0-EB9F0A46630B}.Ad-Hoc|iPhone.ActiveCfg = Release|Any CPU
		{92618758-32BB-4C7B-9BC0-EB9F0A46630B}.Ad-Hoc|iPhone.Build.0 = Release|Any CPU
		{92618758-32BB-4C7B-9BC0-EB9F0A46630B}.Ad-Hoc|iPhone.Deploy.0 = Release|Any CPU
		{92618758-32BB-4C7B-9BC0-EB9F0A46630B}.Ad-Hoc|iPhoneSimulator.ActiveCfg = Release|Any CPU
		{92618758-32BB-4C7B-9BC0-EB9F0A46630B}.Ad-Hoc|iPhoneSimulator.Build.0 = Release|Any CPU
		{92618758-32BB-4C7B-9BC0-EB9F0A46630B}.Ad-Hoc|iPhoneSimulator.Deploy.0 = Release|Any CPU
		{92618758-32BB-4C7B-9BC0-EB9F0A46630B}.Ad-Hoc|x64.ActiveCfg = Release|Any CPU
		{92618758-32BB-4C7B-9BC0-EB9F0A46630B}.Ad-Hoc|x64.Build.0 = Release|Any CPU
		{92618758-32BB-4C7B-9BC0-EB9F0A46630B}.Ad-Hoc|x64.Deploy.0 = Release|Any CPU
		{92618758-32BB-4C7B-9BC0-EB9F0A46630B}.Ad-Hoc|x86.ActiveCfg = Release|Any CPU
		{92618758-32BB-4C7B-9BC0-EB9F0A46630B}.Ad-Hoc|x86.Build.0 = Release|Any CPU
		{92618758-32BB-4C7B-9BC0-EB9F0A46630B}.Ad-Hoc|x86.Deploy.0 = Release|Any CPU
		{92618758-32BB-4C7B-9BC0-EB9F0A46630B}.AppStore|Any CPU.ActiveCfg = Release|Any CPU
		{92618758-32BB-4C7B-9BC0-EB9F0A46630B}.AppStore|Any CPU.Build.0 = Release|Any CPU
		{92618758-32BB-4C7B-9BC0-EB9F0A46630B}.AppStore|Any CPU.Deploy.0 = Release|Any CPU
		{92618758-32BB-4C7B-9BC0-EB9F0A46630B}.AppStore|ARM.ActiveCfg = Release|Any CPU
		{92618758-32BB-4C7B-9BC0-EB9F0A46630B}.AppStore|ARM.Build.0 = Release|Any CPU
		{92618758-32BB-4C7B-9BC0-EB9F0A46630B}.AppStore|ARM.Deploy.0 = Release|Any CPU
		{92618758-32BB-4C7B-9BC0-EB9F0A46630B}.AppStore|iPhone.ActiveCfg = Release|Any CPU
		{92618758-32BB-4C7B-9BC0-EB9F0A46630B}.AppStore|iPhone.Build.0 = Release|Any CPU
		{92618758-32BB-4C7B-9BC0-EB9F0A46630B}.AppStore|iPhone.Deploy.0 = Release|Any CPU
		{92618758-32BB-4C7B-9BC0-EB9F0A46630B}.AppStore|iPhoneSimulator.ActiveCfg = Release|Any CPU
		{92618758-32BB-4C7B-9BC0-EB9F0A46630B}.AppStore|iPhoneSimulator.Build.0 = Release|Any CPU
		{92618758-32BB-4C7B-9BC0-EB9F0A46630B}.AppStore|iPhoneSimulator.Deploy.0 = Release|Any CPU
		{92618758-32BB-4C7B-9BC0-EB9F0A46630B}.AppStore|x64.ActiveCfg = Release|Any CPU
		{92618758-32BB-4C7B-9BC0-EB9F0A46630B}.AppStore|x64.Build.0 = Release|Any CPU
		{92618758-32BB-4C7B-9BC0-EB9F0A46630B}.AppStore|x64.Deploy.0 = Release|Any CPU
		{92618758-32BB-4C7B-9BC0-EB9F0A46630B}.AppStore|x86.ActiveCfg = Release|Any CPU
		{92618758-32BB-4C7B-9BC0-EB9F0A46630B}.AppStore|x86.Build.0 = Release|Any CPU
		{92618758-32BB-4C7B-9BC0-EB9F0A46630B}.AppStore|x86.Deploy.0 = Release|Any CPU
		{92618758-32BB-4C7B-9BC0-EB9F0A46630B}.Debug|Any CPU.ActiveCfg = Debug|Any CPU
		{92618758-32BB-4C7B-9BC0-EB9F0A46630B}.Debug|Any CPU.Build.0 = Debug|Any CPU
		{92618758-32BB-4C7B-9BC0-EB9F0A46630B}.Debug|Any CPU.Deploy.0 = Debug|Any CPU
		{92618758-32BB-4C7B-9BC0-EB9F0A46630B}.Debug|ARM.ActiveCfg = Debug|Any CPU
		{92618758-32BB-4C7B-9BC0-EB9F0A46630B}.Debug|ARM.Build.0 = Debug|Any CPU
		{92618758-32BB-4C7B-9BC0-EB9F0A46630B}.Debug|ARM.Deploy.0 = Debug|Any CPU
		{92618758-32BB-4C7B-9BC0-EB9F0A46630B}.Debug|iPhone.ActiveCfg = Debug|Any CPU
		{92618758-32BB-4C7B-9BC0-EB9F0A46630B}.Debug|iPhone.Build.0 = Debug|Any CPU
		{92618758-32BB-4C7B-9BC0-EB9F0A46630B}.Debug|iPhone.Deploy.0 = Debug|Any CPU
		{92618758-32BB-4C7B-9BC0-EB9F0A46630B}.Debug|iPhoneSimulator.ActiveCfg = Debug|Any CPU
		{92618758-32BB-4C7B-9BC0-EB9F0A46630B}.Debug|iPhoneSimulator.Build.0 = Debug|Any CPU
		{92618758-32BB-4C7B-9BC0-EB9F0A46630B}.Debug|iPhoneSimulator.Deploy.0 = Debug|Any CPU
		{92618758-32BB-4C7B-9BC0-EB9F0A46630B}.Debug|x64.ActiveCfg = Debug|Any CPU
		{92618758-32BB-4C7B-9BC0-EB9F0A46630B}.Debug|x64.Build.0 = Debug|Any CPU
		{92618758-32BB-4C7B-9BC0-EB9F0A46630B}.Debug|x64.Deploy.0 = Debug|Any CPU
		{92618758-32BB-4C7B-9BC0-EB9F0A46630B}.Debug|x86.ActiveCfg = Debug|Any CPU
		{92618758-32BB-4C7B-9BC0-EB9F0A46630B}.Debug|x86.Build.0 = Debug|Any CPU
		{92618758-32BB-4C7B-9BC0-EB9F0A46630B}.Debug|x86.Deploy.0 = Debug|Any CPU
		{92618758-32BB-4C7B-9BC0-EB9F0A46630B}.Release|Any CPU.ActiveCfg = Release|Any CPU
		{92618758-32BB-4C7B-9BC0-EB9F0A46630B}.Release|Any CPU.Build.0 = Release|Any CPU
		{92618758-32BB-4C7B-9BC0-EB9F0A46630B}.Release|Any CPU.Deploy.0 = Release|Any CPU
		{92618758-32BB-4C7B-9BC0-EB9F0A46630B}.Release|ARM.ActiveCfg = Release|Any CPU
		{92618758-32BB-4C7B-9BC0-EB9F0A46630B}.Release|ARM.Build.0 = Release|Any CPU
		{92618758-32BB-4C7B-9BC0-EB9F0A46630B}.Release|ARM.Deploy.0 = Release|Any CPU
		{92618758-32BB-4C7B-9BC0-EB9F0A46630B}.Release|iPhone.ActiveCfg = Release|Any CPU
		{92618758-32BB-4C7B-9BC0-EB9F0A46630B}.Release|iPhone.Build.0 = Release|Any CPU
		{92618758-32BB-4C7B-9BC0-EB9F0A46630B}.Release|iPhone.Deploy.0 = Release|Any CPU
		{92618758-32BB-4C7B-9BC0-EB9F0A46630B}.Release|iPhoneSimulator.ActiveCfg = Release|Any CPU
		{92618758-32BB-4C7B-9BC0-EB9F0A46630B}.Release|iPhoneSimulator.Build.0 = Release|Any CPU
		{92618758-32BB-4C7B-9BC0-EB9F0A46630B}.Release|iPhoneSimulator.Deploy.0 = Release|Any CPU
		{92618758-32BB-4C7B-9BC0-EB9F0A46630B}.Release|x64.ActiveCfg = Release|Any CPU
		{92618758-32BB-4C7B-9BC0-EB9F0A46630B}.Release|x64.Build.0 = Release|Any CPU
		{92618758-32BB-4C7B-9BC0-EB9F0A46630B}.Release|x64.Deploy.0 = Release|Any CPU
		{92618758-32BB-4C7B-9BC0-EB9F0A46630B}.Release|x86.ActiveCfg = Release|Any CPU
		{92618758-32BB-4C7B-9BC0-EB9F0A46630B}.Release|x86.Build.0 = Release|Any CPU
		{92618758-32BB-4C7B-9BC0-EB9F0A46630B}.Release|x86.Deploy.0 = Release|Any CPU
		{8BE213B7-F27B-4102-BD2E-EE185833A4B4}.Ad-Hoc|Any CPU.ActiveCfg = Release|x86
		{8BE213B7-F27B-4102-BD2E-EE185833A4B4}.Ad-Hoc|Any CPU.Build.0 = Release|x86
		{8BE213B7-F27B-4102-BD2E-EE185833A4B4}.Ad-Hoc|ARM.ActiveCfg = Release|x86
		{8BE213B7-F27B-4102-BD2E-EE185833A4B4}.Ad-Hoc|ARM.Build.0 = Release|x86
		{8BE213B7-F27B-4102-BD2E-EE185833A4B4}.Ad-Hoc|iPhone.ActiveCfg = Release|x86
		{8BE213B7-F27B-4102-BD2E-EE185833A4B4}.Ad-Hoc|iPhone.Build.0 = Release|x86
		{8BE213B7-F27B-4102-BD2E-EE185833A4B4}.Ad-Hoc|iPhoneSimulator.ActiveCfg = Release|x86
		{8BE213B7-F27B-4102-BD2E-EE185833A4B4}.Ad-Hoc|iPhoneSimulator.Build.0 = Release|x86
		{8BE213B7-F27B-4102-BD2E-EE185833A4B4}.Ad-Hoc|x64.ActiveCfg = Release|x86
		{8BE213B7-F27B-4102-BD2E-EE185833A4B4}.Ad-Hoc|x64.Build.0 = Release|x86
		{8BE213B7-F27B-4102-BD2E-EE185833A4B4}.Ad-Hoc|x86.ActiveCfg = Release|x86
		{8BE213B7-F27B-4102-BD2E-EE185833A4B4}.Ad-Hoc|x86.Build.0 = Release|x86
		{8BE213B7-F27B-4102-BD2E-EE185833A4B4}.AppStore|Any CPU.ActiveCfg = Release|x86
		{8BE213B7-F27B-4102-BD2E-EE185833A4B4}.AppStore|Any CPU.Build.0 = Release|x86
		{8BE213B7-F27B-4102-BD2E-EE185833A4B4}.AppStore|ARM.ActiveCfg = Release|x86
		{8BE213B7-F27B-4102-BD2E-EE185833A4B4}.AppStore|ARM.Build.0 = Release|x86
		{8BE213B7-F27B-4102-BD2E-EE185833A4B4}.AppStore|iPhone.ActiveCfg = Release|x86
		{8BE213B7-F27B-4102-BD2E-EE185833A4B4}.AppStore|iPhone.Build.0 = Release|x86
		{8BE213B7-F27B-4102-BD2E-EE185833A4B4}.AppStore|iPhoneSimulator.ActiveCfg = Release|x86
		{8BE213B7-F27B-4102-BD2E-EE185833A4B4}.AppStore|iPhoneSimulator.Build.0 = Release|x86
		{8BE213B7-F27B-4102-BD2E-EE185833A4B4}.AppStore|x64.ActiveCfg = Release|x86
		{8BE213B7-F27B-4102-BD2E-EE185833A4B4}.AppStore|x64.Build.0 = Release|x86
		{8BE213B7-F27B-4102-BD2E-EE185833A4B4}.AppStore|x86.ActiveCfg = Release|x86
		{8BE213B7-F27B-4102-BD2E-EE185833A4B4}.AppStore|x86.Build.0 = Release|x86
		{8BE213B7-F27B-4102-BD2E-EE185833A4B4}.Debug|Any CPU.ActiveCfg = Debug|Any CPU
		{8BE213B7-F27B-4102-BD2E-EE185833A4B4}.Debug|Any CPU.Build.0 = Debug|Any CPU
		{8BE213B7-F27B-4102-BD2E-EE185833A4B4}.Debug|ARM.ActiveCfg = Debug|x86
		{8BE213B7-F27B-4102-BD2E-EE185833A4B4}.Debug|iPhone.ActiveCfg = Debug|x86
		{8BE213B7-F27B-4102-BD2E-EE185833A4B4}.Debug|iPhoneSimulator.ActiveCfg = Debug|x86
		{8BE213B7-F27B-4102-BD2E-EE185833A4B4}.Debug|x64.ActiveCfg = Debug|x86
		{8BE213B7-F27B-4102-BD2E-EE185833A4B4}.Debug|x86.ActiveCfg = Debug|x86
		{8BE213B7-F27B-4102-BD2E-EE185833A4B4}.Debug|x86.Build.0 = Debug|x86
		{8BE213B7-F27B-4102-BD2E-EE185833A4B4}.Release|Any CPU.ActiveCfg = Release|x86
		{8BE213B7-F27B-4102-BD2E-EE185833A4B4}.Release|ARM.ActiveCfg = Release|x86
		{8BE213B7-F27B-4102-BD2E-EE185833A4B4}.Release|iPhone.ActiveCfg = Release|x86
		{8BE213B7-F27B-4102-BD2E-EE185833A4B4}.Release|iPhoneSimulator.ActiveCfg = Release|x86
		{8BE213B7-F27B-4102-BD2E-EE185833A4B4}.Release|x64.ActiveCfg = Release|x86
		{8BE213B7-F27B-4102-BD2E-EE185833A4B4}.Release|x86.ActiveCfg = Release|x86
		{8BE213B7-F27B-4102-BD2E-EE185833A4B4}.Release|x86.Build.0 = Release|x86
		{6CEBFA85-0A3B-4152-82E9-CD8D4EAE675A}.Ad-Hoc|Any CPU.ActiveCfg = Ad-Hoc|iPhone
		{6CEBFA85-0A3B-4152-82E9-CD8D4EAE675A}.Ad-Hoc|ARM.ActiveCfg = Ad-Hoc|iPhone
		{6CEBFA85-0A3B-4152-82E9-CD8D4EAE675A}.Ad-Hoc|iPhone.ActiveCfg = Ad-Hoc|iPhone
		{6CEBFA85-0A3B-4152-82E9-CD8D4EAE675A}.Ad-Hoc|iPhone.Build.0 = Ad-Hoc|iPhone
		{6CEBFA85-0A3B-4152-82E9-CD8D4EAE675A}.Ad-Hoc|iPhoneSimulator.ActiveCfg = Ad-Hoc|iPhoneSimulator
		{6CEBFA85-0A3B-4152-82E9-CD8D4EAE675A}.Ad-Hoc|iPhoneSimulator.Build.0 = Ad-Hoc|iPhoneSimulator
		{6CEBFA85-0A3B-4152-82E9-CD8D4EAE675A}.Ad-Hoc|x64.ActiveCfg = Ad-Hoc|iPhone
		{6CEBFA85-0A3B-4152-82E9-CD8D4EAE675A}.Ad-Hoc|x86.ActiveCfg = Ad-Hoc|iPhone
		{6CEBFA85-0A3B-4152-82E9-CD8D4EAE675A}.AppStore|Any CPU.ActiveCfg = AppStore|iPhone
		{6CEBFA85-0A3B-4152-82E9-CD8D4EAE675A}.AppStore|ARM.ActiveCfg = AppStore|iPhone
		{6CEBFA85-0A3B-4152-82E9-CD8D4EAE675A}.AppStore|iPhone.ActiveCfg = AppStore|iPhone
		{6CEBFA85-0A3B-4152-82E9-CD8D4EAE675A}.AppStore|iPhone.Build.0 = AppStore|iPhone
		{6CEBFA85-0A3B-4152-82E9-CD8D4EAE675A}.AppStore|iPhoneSimulator.ActiveCfg = AppStore|iPhoneSimulator
		{6CEBFA85-0A3B-4152-82E9-CD8D4EAE675A}.AppStore|iPhoneSimulator.Build.0 = AppStore|iPhoneSimulator
		{6CEBFA85-0A3B-4152-82E9-CD8D4EAE675A}.AppStore|x64.ActiveCfg = AppStore|iPhone
		{6CEBFA85-0A3B-4152-82E9-CD8D4EAE675A}.AppStore|x86.ActiveCfg = AppStore|iPhone
		{6CEBFA85-0A3B-4152-82E9-CD8D4EAE675A}.Debug|Any CPU.ActiveCfg = Debug|iPhoneSimulator
		{6CEBFA85-0A3B-4152-82E9-CD8D4EAE675A}.Debug|Any CPU.Build.0 = Debug|iPhoneSimulator
		{6CEBFA85-0A3B-4152-82E9-CD8D4EAE675A}.Debug|ARM.ActiveCfg = Debug|iPhone
		{6CEBFA85-0A3B-4152-82E9-CD8D4EAE675A}.Debug|iPhone.ActiveCfg = Debug|iPhone
		{6CEBFA85-0A3B-4152-82E9-CD8D4EAE675A}.Debug|iPhone.Build.0 = Debug|iPhone
		{6CEBFA85-0A3B-4152-82E9-CD8D4EAE675A}.Debug|iPhoneSimulator.ActiveCfg = Debug|iPhoneSimulator
		{6CEBFA85-0A3B-4152-82E9-CD8D4EAE675A}.Debug|iPhoneSimulator.Build.0 = Debug|iPhoneSimulator
		{6CEBFA85-0A3B-4152-82E9-CD8D4EAE675A}.Debug|x64.ActiveCfg = Debug|iPhone
		{6CEBFA85-0A3B-4152-82E9-CD8D4EAE675A}.Debug|x86.ActiveCfg = Debug|iPhone
		{6CEBFA85-0A3B-4152-82E9-CD8D4EAE675A}.Release|Any CPU.ActiveCfg = Release|iPhone
		{6CEBFA85-0A3B-4152-82E9-CD8D4EAE675A}.Release|ARM.ActiveCfg = Release|iPhone
		{6CEBFA85-0A3B-4152-82E9-CD8D4EAE675A}.Release|iPhone.ActiveCfg = Release|iPhone
		{6CEBFA85-0A3B-4152-82E9-CD8D4EAE675A}.Release|iPhone.Build.0 = Release|iPhone
		{6CEBFA85-0A3B-4152-82E9-CD8D4EAE675A}.Release|iPhoneSimulator.ActiveCfg = Release|iPhoneSimulator
		{6CEBFA85-0A3B-4152-82E9-CD8D4EAE675A}.Release|iPhoneSimulator.Build.0 = Release|iPhoneSimulator
		{6CEBFA85-0A3B-4152-82E9-CD8D4EAE675A}.Release|x64.ActiveCfg = Release|iPhone
		{6CEBFA85-0A3B-4152-82E9-CD8D4EAE675A}.Release|x86.ActiveCfg = Release|iPhone
	EndGlobalSection
	GlobalSection(SolutionProperties) = preSolution
		HideSolutionNode = FALSE
	EndGlobalSection
	GlobalSection(ExtensibilityGlobals) = postSolution
		SolutionGuid = {6E980CF6-4F2A-4839-A391-8204244655AA}
	EndGlobalSection
EndGlobal
