
Microsoft Visual Studio Solution File, Format Version 12.00
# Visual Studio Version 17
VisualStudioVersion = 17.0.31903.59
MinimumVisualStudioVersion = 10.0.40219.1
Project("{FAE04EC0-301F-11D3-BF4B-00C04F79EFBC}") = "ToastBuddyLib", "ToastBuddyLib\ToastBuddyLib.csproj", "{12BAC4F3-9B50-492B-95E5-E35103FA1C1A}"
EndProject
Global
	GlobalSection(SolutionConfigurationPlatforms) = preSolution
		Debug|Any CPU = Debug|Any CPU
		Debug|x64 = Debug|x64
		Debug|x86 = Debug|x86
		Release|Any CPU = Release|Any CPU
		Release|x64 = Release|x64
		Release|x86 = Release|x86
	EndGlobalSection
	GlobalSection(ProjectConfigurationPlatforms) = postSolution
		{12BAC4F3-9B50-492B-95E5-E35103FA1C1A}.Debug|Any CPU.ActiveCfg = Debug|Any CPU
		{12BAC4F3-9B50-492B-95E5-E35103FA1C1A}.Debug|Any CPU.Build.0 = Debug|Any CPU
		{12BAC4F3-9B50-492B-95E5-E35103FA1C1A}.Debug|x64.ActiveCfg = Debug|Any CPU
		{12BAC4F3-9B50-492B-95E5-E35103FA1C1A}.Debug|x64.Build.0 = Debug|Any CPU
		{12BAC4F3-9B50-492B-95E5-E35103FA1C1A}.Debug|x86.ActiveCfg = Debug|Any CPU
		{12BAC4F3-9B50-492B-95E5-E35103FA1C1A}.Debug|x86.Build.0 = Debug|Any CPU
		{12BAC4F3-9B50-492B-95E5-E35103FA1C1A}.Release|Any CPU.ActiveCfg = Release|Any CPU
		{12BAC4F3-9B50-492B-95E5-E35103FA1C1A}.Release|Any CPU.Build.0 = Release|Any CPU
		{12BAC4F3-9B50-492B-95E5-E35103FA1C1A}.Release|x64.ActiveCfg = Release|Any CPU
		{12BAC4F3-9B50-492B-95E5-E35103FA1C1A}.Release|x64.Build.0 = Release|Any CPU
		{12BAC4F3-9B50-492B-95E5-E35103FA1C1A}.Release|x86.ActiveCfg = Release|Any CPU
		{12BAC4F3-9B50-492B-95E5-E35103FA1C1A}.Release|x86.Build.0 = Release|Any CPU
	EndGlobalSection
	GlobalSection(SolutionProperties) = preSolution
		HideSolutionNode = FALSE
	EndGlobalSection
EndGlobal
