
Microsoft Visual Studio Solution File, Format Version 12.00
# Visual Studio Version 17
VisualStudioVersion = 17.2.32526.322
MinimumVisualStudioVersion = 10.0.40219.1
Project("{FAE04EC0-301F-11D3-BF4B-00C04F79EFBC}") = "ToastBuddyLib.Android", "ToastBuddyLib.Android\ToastBuddyLib.Android.csproj", "{6E6CBAC2-FAD9-48B0-8211-AB5519582107}"
EndProject
Project("{FAE04EC0-301F-11D3-BF4B-00C04F79EFBC}") = "ToastBuddyLib.iOS", "ToastBuddyLib.iOS\ToastBuddyLib.iOS.csproj", "{FAB6E06D-1822-40E0-9F84-28B3B5311616}"
EndProject
Project("{D954291E-2A0B-460D-934E-DC6B0785DB48}") = "ToastBuddyLib.Core", "ToastBuddyLib.Core\ToastBuddyLib.Core.shproj", "{87AEAC20-C309-4FA2-9B12-BE0242A813CA}"
EndProject
Project("{2150E333-8FDC-42A3-9474-1A3956D46DE8}") = "Solution Items", "Solution Items", "{55A64447-D1D8-4C55-89D5-7CB1AFB5D313}"
	ProjectSection(SolutionItems) = preProject
		buildNugetPackages.ps1 = buildNugetPackages.ps1
		ToastBuddyLib.nuspec = ToastBuddyLib.nuspec
	EndProjectSection
EndProject
Project("{FAE04EC0-301F-11D3-BF4B-00C04F79EFBC}") = "ToastBuddyLib.WindowsDX", "ToastBuddyLib.WindowsDX\ToastBuddyLib.WindowsDX.csproj", "{D406B51D-A305-474E-967E-64EFB962179D}"
EndProject
Global
	GlobalSection(SolutionConfigurationPlatforms) = preSolution
		Debug|Any CPU = Debug|Any CPU
		Debug|ARM = Debug|ARM
		Debug|x64 = Debug|x64
		Debug|x86 = Debug|x86
		Release|Any CPU = Release|Any CPU
		Release|ARM = Release|ARM
		Release|x64 = Release|x64
		Release|x86 = Release|x86
	EndGlobalSection
	GlobalSection(ProjectConfigurationPlatforms) = postSolution
		{6E6CBAC2-FAD9-48B0-8211-AB5519582107}.Debug|Any CPU.ActiveCfg = Debug|Any CPU
		{6E6CBAC2-FAD9-48B0-8211-AB5519582107}.Debug|Any CPU.Build.0 = Debug|Any CPU
		{6E6CBAC2-FAD9-48B0-8211-AB5519582107}.Debug|ARM.ActiveCfg = Debug|Any CPU
		{6E6CBAC2-FAD9-48B0-8211-AB5519582107}.Debug|ARM.Build.0 = Debug|Any CPU
		{6E6CBAC2-FAD9-48B0-8211-AB5519582107}.Debug|x64.ActiveCfg = Debug|Any CPU
		{6E6CBAC2-FAD9-48B0-8211-AB5519582107}.Debug|x64.Build.0 = Debug|Any CPU
		{6E6CBAC2-FAD9-48B0-8211-AB5519582107}.Debug|x86.ActiveCfg = Debug|Any CPU
		{6E6CBAC2-FAD9-48B0-8211-AB5519582107}.Debug|x86.Build.0 = Debug|Any CPU
		{6E6CBAC2-FAD9-48B0-8211-AB5519582107}.Release|Any CPU.ActiveCfg = Release|Any CPU
		{6E6CBAC2-FAD9-48B0-8211-AB5519582107}.Release|Any CPU.Build.0 = Release|Any CPU
		{6E6CBAC2-FAD9-48B0-8211-AB5519582107}.Release|ARM.ActiveCfg = Release|Any CPU
		{6E6CBAC2-FAD9-48B0-8211-AB5519582107}.Release|ARM.Build.0 = Release|Any CPU
		{6E6CBAC2-FAD9-48B0-8211-AB5519582107}.Release|x64.ActiveCfg = Release|Any CPU
		{6E6CBAC2-FAD9-48B0-8211-AB5519582107}.Release|x64.Build.0 = Release|Any CPU
		{6E6CBAC2-FAD9-48B0-8211-AB5519582107}.Release|x86.ActiveCfg = Release|Any CPU
		{6E6CBAC2-FAD9-48B0-8211-AB5519582107}.Release|x86.Build.0 = Release|Any CPU
		{FAB6E06D-1822-40E0-9F84-28B3B5311616}.Debug|Any CPU.ActiveCfg = Debug|Any CPU
		{FAB6E06D-1822-40E0-9F84-28B3B5311616}.Debug|Any CPU.Build.0 = Debug|Any CPU
		{FAB6E06D-1822-40E0-9F84-28B3B5311616}.Debug|ARM.ActiveCfg = Debug|Any CPU
		{FAB6E06D-1822-40E0-9F84-28B3B5311616}.Debug|ARM.Build.0 = Debug|Any CPU
		{FAB6E06D-1822-40E0-9F84-28B3B5311616}.Debug|x64.ActiveCfg = Debug|Any CPU
		{FAB6E06D-1822-40E0-9F84-28B3B5311616}.Debug|x64.Build.0 = Debug|Any CPU
		{FAB6E06D-1822-40E0-9F84-28B3B5311616}.Debug|x86.ActiveCfg = Debug|Any CPU
		{FAB6E06D-1822-40E0-9F84-28B3B5311616}.Debug|x86.Build.0 = Debug|Any CPU
		{FAB6E06D-1822-40E0-9F84-28B3B5311616}.Release|Any CPU.ActiveCfg = Release|Any CPU
		{FAB6E06D-1822-40E0-9F84-28B3B5311616}.Release|Any CPU.Build.0 = Release|Any CPU
		{FAB6E06D-1822-40E0-9F84-28B3B5311616}.Release|ARM.ActiveCfg = Release|Any CPU
		{FAB6E06D-1822-40E0-9F84-28B3B5311616}.Release|ARM.Build.0 = Release|Any CPU
		{FAB6E06D-1822-40E0-9F84-28B3B5311616}.Release|x64.ActiveCfg = Release|Any CPU
		{FAB6E06D-1822-40E0-9F84-28B3B5311616}.Release|x64.Build.0 = Release|Any CPU
		{FAB6E06D-1822-40E0-9F84-28B3B5311616}.Release|x86.ActiveCfg = Release|Any CPU
		{FAB6E06D-1822-40E0-9F84-28B3B5311616}.Release|x86.Build.0 = Release|Any CPU
		{D406B51D-A305-474E-967E-64EFB962179D}.Debug|Any CPU.ActiveCfg = Debug|Any CPU
		{D406B51D-A305-474E-967E-64EFB962179D}.Debug|Any CPU.Build.0 = Debug|Any CPU
		{D406B51D-A305-474E-967E-64EFB962179D}.Debug|ARM.ActiveCfg = Debug|Any CPU
		{D406B51D-A305-474E-967E-64EFB962179D}.Debug|ARM.Build.0 = Debug|Any CPU
		{D406B51D-A305-474E-967E-64EFB962179D}.Debug|x64.ActiveCfg = Debug|Any CPU
		{D406B51D-A305-474E-967E-64EFB962179D}.Debug|x64.Build.0 = Debug|Any CPU
		{D406B51D-A305-474E-967E-64EFB962179D}.Debug|x86.ActiveCfg = Debug|Any CPU
		{D406B51D-A305-474E-967E-64EFB962179D}.Debug|x86.Build.0 = Debug|Any CPU
		{D406B51D-A305-474E-967E-64EFB962179D}.Release|Any CPU.ActiveCfg = Release|Any CPU
		{D406B51D-A305-474E-967E-64EFB962179D}.Release|Any CPU.Build.0 = Release|Any CPU
		{D406B51D-A305-474E-967E-64EFB962179D}.Release|ARM.ActiveCfg = Release|Any CPU
		{D406B51D-A305-474E-967E-64EFB962179D}.Release|ARM.Build.0 = Release|Any CPU
		{D406B51D-A305-474E-967E-64EFB962179D}.Release|x64.ActiveCfg = Release|Any CPU
		{D406B51D-A305-474E-967E-64EFB962179D}.Release|x64.Build.0 = Release|Any CPU
		{D406B51D-A305-474E-967E-64EFB962179D}.Release|x86.ActiveCfg = Release|Any CPU
		{D406B51D-A305-474E-967E-64EFB962179D}.Release|x86.Build.0 = Release|Any CPU
	EndGlobalSection
	GlobalSection(SolutionProperties) = preSolution
		HideSolutionNode = FALSE
	EndGlobalSection
	GlobalSection(ExtensibilityGlobals) = postSolution
		SolutionGuid = {E36E795F-DE80-4298-917A-35E9A7B21769}
	EndGlobalSection
	GlobalSection(SharedMSBuildProjectFiles) = preSolution
		ToastBuddyLib.Core\ToastBuddyLib.Core.projitems*{6e6cbac2-fad9-48b0-8211-ab5519582107}*SharedItemsImports = 4
		ToastBuddyLib.Core\ToastBuddyLib.Core.projitems*{87aeac20-c309-4fa2-9b12-be0242a813ca}*SharedItemsImports = 13
		ToastBuddyLib.Core\ToastBuddyLib.Core.projitems*{d406b51d-a305-474e-967e-64efb962179d}*SharedItemsImports = 4
		ToastBuddyLib.Core\ToastBuddyLib.Core.projitems*{fab6e06d-1822-40e0-9f84-28b3b5311616}*SharedItemsImports = 4
	EndGlobalSection
EndGlobal
